
Microsoft Visual Studio Solution File, Format Version 12.00
# Visual Studio Version 17
VisualStudioVersion = 17.5.33530.505
MinimumVisualStudioVersion = 10.0.40219.1
Project("{FAE04EC0-301F-11D3-BF4B-00C04F79EFBC}") = "WinFormsApp9", "WinFormsApp9\WinFormsApp9.csproj", "{C2354D79-63BC-4205-BF94-FFAEEAE8604E}"
EndProject
Global
	GlobalSection(SolutionConfigurationPlatforms) = preSolution
		Debug|Any CPU = Debug|Any CPU
		Release|Any CPU = Release|Any CPU
	EndGlobalSection
	GlobalSection(ProjectConfigurationPlatforms) = postSolution
		{C2354D79-63BC-4205-BF94-FFAEEAE8604E}.Debug|Any CPU.ActiveCfg = Debug|Any CPU
		{C2354D79-63BC-4205-BF94-FFAEEAE8604E}.Debug|Any CPU.Build.0 = Debug|Any CPU
		{C2354D79-63BC-4205-BF94-FFAEEAE8604E}.Release|Any CPU.ActiveCfg = Release|Any CPU
		{C2354D79-63BC-4205-BF94-FFAEEAE8604E}.Release|Any CPU.Build.0 = Release|Any CPU
	EndGlobalSection
	GlobalSection(SolutionProperties) = preSolution
		HideSolutionNode = FALSE
	EndGlobalSection
	GlobalSection(ExtensibilityGlobals) = postSolution
		SolutionGuid = {509D3206-8C53-4EAE-ACAC-120A8F072E1E}
	EndGlobalSection
EndGlobal
